
Microsoft Visual Studio Solution File, Format Version 12.00
# Visual Studio Version 16
VisualStudioVersion = 16.0.30621.155
MinimumVisualStudioVersion = 10.0.40219.1
Project("{FAE04EC0-301F-11D3-BF4B-00C04F79EFBC}") = "Assignment8", "Assignment8\Assignment8.csproj", "{6A18AEA5-ED0E-4CF3-8563-3F8BB402DCE0}"
EndProject
Global
	GlobalSection(SolutionConfigurationPlatforms) = preSolution
		Debug|Any CPU = Debug|Any CPU
		Release|Any CPU = Release|Any CPU
	EndGlobalSection
	GlobalSection(ProjectConfigurationPlatforms) = postSolution
		{6A18AEA5-ED0E-4CF3-8563-3F8BB402DCE0}.Debug|Any CPU.ActiveCfg = Debug|Any CPU
		{6A18AEA5-ED0E-4CF3-8563-3F8BB402DCE0}.Debug|Any CPU.Build.0 = Debug|Any CPU
		{6A18AEA5-ED0E-4CF3-8563-3F8BB402DCE0}.Release|Any CPU.ActiveCfg = Release|Any CPU
		{6A18AEA5-ED0E-4CF3-8563-3F8BB402DCE0}.Release|Any CPU.Build.0 = Release|Any CPU
	EndGlobalSection
	GlobalSection(SolutionProperties) = preSolution
		HideSolutionNode = FALSE
	EndGlobalSection
	GlobalSection(ExtensibilityGlobals) = postSolution
		SolutionGuid = {7950D42E-4619-4AFC-96CC-C3FB37147058}
	EndGlobalSection
EndGlobal
