
Microsoft Visual Studio Solution File, Format Version 12.00
# Visual Studio Version 16
VisualStudioVersion = 16.0.30621.155
MinimumVisualStudioVersion = 10.0.40219.1
Project("{FAE04EC0-301F-11D3-BF4B-00C04F79EFBC}") = "Assignment4", "Assignment4\Assignment4.csproj", "{B70CB760-F4A7-4CE4-95A6-5CDC618484BC}"
EndProject
Global
	GlobalSection(SolutionConfigurationPlatforms) = preSolution
		Debug|Any CPU = Debug|Any CPU
		Release|Any CPU = Release|Any CPU
	EndGlobalSection
	GlobalSection(ProjectConfigurationPlatforms) = postSolution
		{B70CB760-F4A7-4CE4-95A6-5CDC618484BC}.Debug|Any CPU.ActiveCfg = Debug|Any CPU
		{B70CB760-F4A7-4CE4-95A6-5CDC618484BC}.Debug|Any CPU.Build.0 = Debug|Any CPU
		{B70CB760-F4A7-4CE4-95A6-5CDC618484BC}.Release|Any CPU.ActiveCfg = Release|Any CPU
		{B70CB760-F4A7-4CE4-95A6-5CDC618484BC}.Release|Any CPU.Build.0 = Release|Any CPU
	EndGlobalSection
	GlobalSection(SolutionProperties) = preSolution
		HideSolutionNode = FALSE
	EndGlobalSection
	GlobalSection(ExtensibilityGlobals) = postSolution
		SolutionGuid = {0573CA70-EA21-4DE6-AD74-1BEBDF2E2728}
	EndGlobalSection
EndGlobal
