
Microsoft Visual Studio Solution File, Format Version 12.00
# Visual Studio Version 16
VisualStudioVersion = 16.0.30621.155
MinimumVisualStudioVersion = 10.0.40219.1
Project("{FAE04EC0-301F-11D3-BF4B-00C04F79EFBC}") = "Assignment5", "Assignment5\Assignment5.csproj", "{67D56A86-0DE9-4B04-835C-1E436527668A}"
EndProject
Global
	GlobalSection(SolutionConfigurationPlatforms) = preSolution
		Debug|Any CPU = Debug|Any CPU
		Release|Any CPU = Release|Any CPU
	EndGlobalSection
	GlobalSection(ProjectConfigurationPlatforms) = postSolution
		{67D56A86-0DE9-4B04-835C-1E436527668A}.Debug|Any CPU.ActiveCfg = Debug|Any CPU
		{67D56A86-0DE9-4B04-835C-1E436527668A}.Debug|Any CPU.Build.0 = Debug|Any CPU
		{67D56A86-0DE9-4B04-835C-1E436527668A}.Release|Any CPU.ActiveCfg = Release|Any CPU
		{67D56A86-0DE9-4B04-835C-1E436527668A}.Release|Any CPU.Build.0 = Release|Any CPU
	EndGlobalSection
	GlobalSection(SolutionProperties) = preSolution
		HideSolutionNode = FALSE
	EndGlobalSection
	GlobalSection(ExtensibilityGlobals) = postSolution
		SolutionGuid = {114A9BE4-ECDA-4852-85DD-A561EF9C5315}
	EndGlobalSection
EndGlobal
